// !$*UTF8*$!
{
	archiveVersion = 1;
	classes = {
	};
	objectVersion = 51;
	objects = {

/* Begin PBXBuildFile section */
		169933A3AB18E9648C5D7871 /* Pods_JayasekaraJMSD_COBSCComp192p_012.framework in Frameworks */ = {isa = PBXBuildFile; fileRef = F2EC9115ADD5D607E9E79DD4 /* Pods_JayasekaraJMSD_COBSCComp192p_012.framework */; };
		5423CFE25DF7FC15D65ACF0F /* Pods_JayasekaraJMSD_COBSCComp192p_012_JayasekaraJMSD_COBSCComp192p_012UITests.framework in Frameworks */ = {isa = PBXBuildFile; fileRef = DED994FE2DC8C97C23F59373 /* Pods_JayasekaraJMSD_COBSCComp192p_012_JayasekaraJMSD_COBSCComp192p_012UITests.framework */; };
		8A080FF4263AE77C001E1CAC /* ShowDetailsViewController.swift in Sources */ = {isa = PBXBuildFile; fileRef = 8A080FF3263AE77C001E1CAC /* ShowDetailsViewController.swift */; };
		8A080FF9263B22B4001E1CAC /* AccountTableViewCell.swift in Sources */ = {isa = PBXBuildFile; fileRef = 8A080FF8263B22B4001E1CAC /* AccountTableViewCell.swift */; };
		8A080FFE263B2450001E1CAC /* AccountViewController.swift in Sources */ = {isa = PBXBuildFile; fileRef = 8A080FFD263B2450001E1CAC /* AccountViewController.swift */; };
		8A081009263BE109001E1CAC /* AuthService.swift in Sources */ = {isa = PBXBuildFile; fileRef = 8A081008263BE109001E1CAC /* AuthService.swift */; };
		8A081014263BE197001E1CAC /* LoginFlow.swift in Sources */ = {isa = PBXBuildFile; fileRef = 8A081013263BE197001E1CAC /* LoginFlow.swift */; };
		8A081019263BE369001E1CAC /* LoginUiTest.swift in Sources */ = {isa = PBXBuildFile; fileRef = 8A081018263BE369001E1CAC /* LoginUiTest.swift */; };
		8A1E4A4626355A8900420A13 /* GoogleService-Info.plist in Resources */ = {isa = PBXBuildFile; fileRef = 8A1E4A4526355A8900420A13 /* GoogleService-Info.plist */; };
		8A1E4A4726355A8900420A13 /* GoogleService-Info.plist in Resources */ = {isa = PBXBuildFile; fileRef = 8A1E4A4526355A8900420A13 /* GoogleService-Info.plist */; };
		8A1E4A4826355A8900420A13 /* GoogleService-Info.plist in Resources */ = {isa = PBXBuildFile; fileRef = 8A1E4A4526355A8900420A13 /* GoogleService-Info.plist */; };
		8A36AA43263C1B96004303D9 /* AuthService.swift in Sources */ = {isa = PBXBuildFile; fileRef = 8A081008263BE109001E1CAC /* AuthService.swift */; };
		8A7D234A26313CB1009F24E6 /* AppDelegate.swift in Sources */ = {isa = PBXBuildFile; fileRef = 8A7D234926313CB1009F24E6 /* AppDelegate.swift */; };
		8A7D234C26313CB1009F24E6 /* SceneDelegate.swift in Sources */ = {isa = PBXBuildFile; fileRef = 8A7D234B26313CB1009F24E6 /* SceneDelegate.swift */; };
		8A7D234E26313CB1009F24E6 /* ViewController.swift in Sources */ = {isa = PBXBuildFile; fileRef = 8A7D234D26313CB1009F24E6 /* ViewController.swift */; };
		8A7D235126313CB1009F24E6 /* Main.storyboard in Resources */ = {isa = PBXBuildFile; fileRef = 8A7D234F26313CB1009F24E6 /* Main.storyboard */; };
		8A7D235426313CB1009F24E6 /* JayasekaraJMSD_COBSCComp192p_012.xcdatamodeld in Sources */ = {isa = PBXBuildFile; fileRef = 8A7D235226313CB1009F24E6 /* JayasekaraJMSD_COBSCComp192p_012.xcdatamodeld */; };
		8A7D235626313CB2009F24E6 /* Assets.xcassets in Resources */ = {isa = PBXBuildFile; fileRef = 8A7D235526313CB2009F24E6 /* Assets.xcassets */; };
		8A7D235926313CB2009F24E6 /* LaunchScreen.storyboard in Resources */ = {isa = PBXBuildFile; fileRef = 8A7D235726313CB2009F24E6 /* LaunchScreen.storyboard */; };
		8A7D236426313CB2009F24E6 /* JayasekaraJMSD_COBSCComp192p_012Tests.swift in Sources */ = {isa = PBXBuildFile; fileRef = 8A7D236326313CB2009F24E6 /* JayasekaraJMSD_COBSCComp192p_012Tests.swift */; };
		8A7D236F26313CB2009F24E6 /* JayasekaraJMSD_COBSCComp192p_012UITests.swift in Sources */ = {isa = PBXBuildFile; fileRef = 8A7D236E26313CB2009F24E6 /* JayasekaraJMSD_COBSCComp192p_012UITests.swift */; };
		8A89C24C26368A050092ABAB /* AddFoodViewController.swift in Sources */ = {isa = PBXBuildFile; fileRef = 8A89C24B26368A050092ABAB /* AddFoodViewController.swift */; };
		8AA32D132637217200F4F48E /* CheckBox.swift in Sources */ = {isa = PBXBuildFile; fileRef = 8AA32D122637217200F4F48E /* CheckBox.swift */; };
		8AA32D182637D59C00F4F48E /* CategoryTableViewCell.swift in Sources */ = {isa = PBXBuildFile; fileRef = 8AA32D172637D59C00F4F48E /* CategoryTableViewCell.swift */; };
		8AA32D252637DB4400F4F48E /* CategoryViewController.swift in Sources */ = {isa = PBXBuildFile; fileRef = 8AA32D242637DB4400F4F48E /* CategoryViewController.swift */; };
		8AA32D2A2637F88600F4F48E /* LoginViewController.swift in Sources */ = {isa = PBXBuildFile; fileRef = 8AA32D292637F88600F4F48E /* LoginViewController.swift */; };
		8AA32D2F263800B600F4F48E /* RegisterViewController.swift in Sources */ = {isa = PBXBuildFile; fileRef = 8AA32D2E263800B600F4F48E /* RegisterViewController.swift */; };
		8AA32D342638035300F4F48E /* ForgetPasswordViewController.swift in Sources */ = {isa = PBXBuildFile; fileRef = 8AA32D332638035300F4F48E /* ForgetPasswordViewController.swift */; };
		8AA32D4E26383B5F00F4F48E /* PreviewTableViewCell.swift in Sources */ = {isa = PBXBuildFile; fileRef = 8AA32D4D26383B5F00F4F48E /* PreviewTableViewCell.swift */; };
		8AA32D5926384ADA00F4F48E /* PreviewViewController.swift in Sources */ = {isa = PBXBuildFile; fileRef = 8AA32D5826384ADA00F4F48E /* PreviewViewController.swift */; };
		8AA32D662639735100F4F48E /* OrderViewController.swift in Sources */ = {isa = PBXBuildFile; fileRef = 8AA32D652639735100F4F48E /* OrderViewController.swift */; };
		8AA32D6B263973B200F4F48E /* OrderTableViewCell.swift in Sources */ = {isa = PBXBuildFile; fileRef = 8AA32D6A263973B200F4F48E /* OrderTableViewCell.swift */; };
		8ABA837A2639F11C008E3229 /* ShowOrderTableViewCell.swift in Sources */ = {isa = PBXBuildFile; fileRef = 8ABA83792639F11C008E3229 /* ShowOrderTableViewCell.swift */; };
		8ACBA5D22632E4C3003CA4EA /* StoreViewController.swift in Sources */ = {isa = PBXBuildFile; fileRef = 8ACBA5D12632E4C3003CA4EA /* StoreViewController.swift */; };
		E066F92A5E9B7BCC26796F34 /* Pods_JayasekaraJMSD_COBSCComp192p_012Tests.framework in Frameworks */ = {isa = PBXBuildFile; fileRef = 21E116EFB9AED7C55EEE0818 /* Pods_JayasekaraJMSD_COBSCComp192p_012Tests.framework */; };
/* End PBXBuildFile section */

/* Begin PBXContainerItemProxy section */
		8A7D236026313CB2009F24E6 /* PBXContainerItemProxy */ = {
			isa = PBXContainerItemProxy;
			containerPortal = 8A7D233E26313CB1009F24E6 /* Project object */;
			proxyType = 1;
			remoteGlobalIDString = 8A7D234526313CB1009F24E6;
			remoteInfo = "JayasekaraJMSD-COBSCComp192p-012";
		};
		8A7D236B26313CB2009F24E6 /* PBXContainerItemProxy */ = {
			isa = PBXContainerItemProxy;
			containerPortal = 8A7D233E26313CB1009F24E6 /* Project object */;
			proxyType = 1;
			remoteGlobalIDString = 8A7D234526313CB1009F24E6;
			remoteInfo = "JayasekaraJMSD-COBSCComp192p-012";
		};
/* End PBXContainerItemProxy section */

/* Begin PBXFileReference section */
		21E116EFB9AED7C55EEE0818 /* Pods_JayasekaraJMSD_COBSCComp192p_012Tests.framework */ = {isa = PBXFileReference; explicitFileType = wrapper.framework; includeInIndex = 0; path = Pods_JayasekaraJMSD_COBSCComp192p_012Tests.framework; sourceTree = BUILT_PRODUCTS_DIR; };
		5C3E326C7E469F6E30ACA239 /* Pods-JayasekaraJMSD-COBSCComp192p-012.release.xcconfig */ = {isa = PBXFileReference; includeInIndex = 1; lastKnownFileType = text.xcconfig; name = "Pods-JayasekaraJMSD-COBSCComp192p-012.release.xcconfig"; path = "Target Support Files/Pods-JayasekaraJMSD-COBSCComp192p-012/Pods-JayasekaraJMSD-COBSCComp192p-012.release.xcconfig"; sourceTree = "<group>"; };
		78A48D5BEB9D378B29FCCEF8 /* Pods-JayasekaraJMSD-COBSCComp192p-012Tests.release.xcconfig */ = {isa = PBXFileReference; includeInIndex = 1; lastKnownFileType = text.xcconfig; name = "Pods-JayasekaraJMSD-COBSCComp192p-012Tests.release.xcconfig"; path = "Target Support Files/Pods-JayasekaraJMSD-COBSCComp192p-012Tests/Pods-JayasekaraJMSD-COBSCComp192p-012Tests.release.xcconfig"; sourceTree = "<group>"; };
		83F81A1D1B0FF0E37F9DBEBB /* Pods-JayasekaraJMSD-COBSCComp192p-012.debug.xcconfig */ = {isa = PBXFileReference; includeInIndex = 1; lastKnownFileType = text.xcconfig; name = "Pods-JayasekaraJMSD-COBSCComp192p-012.debug.xcconfig"; path = "Target Support Files/Pods-JayasekaraJMSD-COBSCComp192p-012/Pods-JayasekaraJMSD-COBSCComp192p-012.debug.xcconfig"; sourceTree = "<group>"; };
		8A080FF3263AE77C001E1CAC /* ShowDetailsViewController.swift */ = {isa = PBXFileReference; lastKnownFileType = sourcecode.swift; path = ShowDetailsViewController.swift; sourceTree = "<group>"; };
		8A080FF8263B22B4001E1CAC /* AccountTableViewCell.swift */ = {isa = PBXFileReference; lastKnownFileType = sourcecode.swift; path = AccountTableViewCell.swift; sourceTree = "<group>"; };
		8A080FFD263B2450001E1CAC /* AccountViewController.swift */ = {isa = PBXFileReference; lastKnownFileType = sourcecode.swift; path = AccountViewController.swift; sourceTree = "<group>"; };
		8A081008263BE109001E1CAC /* AuthService.swift */ = {isa = PBXFileReference; lastKnownFileType = sourcecode.swift; path = AuthService.swift; sourceTree = "<group>"; };
		8A081013263BE197001E1CAC /* LoginFlow.swift */ = {isa = PBXFileReference; lastKnownFileType = sourcecode.swift; path = LoginFlow.swift; sourceTree = "<group>"; };
		8A081018263BE369001E1CAC /* LoginUiTest.swift */ = {isa = PBXFileReference; lastKnownFileType = sourcecode.swift; path = LoginUiTest.swift; sourceTree = "<group>"; };
		8A1E4A4526355A8900420A13 /* GoogleService-Info.plist */ = {isa = PBXFileReference; fileEncoding = 4; lastKnownFileType = text.plist.xml; path = "GoogleService-Info.plist"; sourceTree = "<group>"; };
		8A7D234626313CB1009F24E6 /* JayasekaraJMSD-COBSCComp192p-012.app */ = {isa = PBXFileReference; explicitFileType = wrapper.application; includeInIndex = 0; path = "JayasekaraJMSD-COBSCComp192p-012.app"; sourceTree = BUILT_PRODUCTS_DIR; };
		8A7D234926313CB1009F24E6 /* AppDelegate.swift */ = {isa = PBXFileReference; lastKnownFileType = sourcecode.swift; path = AppDelegate.swift; sourceTree = "<group>"; };
		8A7D234B26313CB1009F24E6 /* SceneDelegate.swift */ = {isa = PBXFileReference; lastKnownFileType = sourcecode.swift; path = SceneDelegate.swift; sourceTree = "<group>"; };
		8A7D234D26313CB1009F24E6 /* ViewController.swift */ = {isa = PBXFileReference; lastKnownFileType = sourcecode.swift; path = ViewController.swift; sourceTree = "<group>"; };
		8A7D235026313CB1009F24E6 /* Base */ = {isa = PBXFileReference; lastKnownFileType = file.storyboard; name = Base; path = Base.lproj/Main.storyboard; sourceTree = "<group>"; };
		8A7D235326313CB1009F24E6 /* JayasekaraJMSD_COBSCComp192p_012.xcdatamodel */ = {isa = PBXFileReference; lastKnownFileType = wrapper.xcdatamodel; path = JayasekaraJMSD_COBSCComp192p_012.xcdatamodel; sourceTree = "<group>"; };
		8A7D235526313CB2009F24E6 /* Assets.xcassets */ = {isa = PBXFileReference; lastKnownFileType = folder.assetcatalog; path = Assets.xcassets; sourceTree = "<group>"; };
		8A7D235826313CB2009F24E6 /* Base */ = {isa = PBXFileReference; lastKnownFileType = file.storyboard; name = Base; path = Base.lproj/LaunchScreen.storyboard; sourceTree = "<group>"; };
		8A7D235A26313CB2009F24E6 /* Info.plist */ = {isa = PBXFileReference; lastKnownFileType = text.plist.xml; path = Info.plist; sourceTree = "<group>"; };
		8A7D235F26313CB2009F24E6 /* JayasekaraJMSD-COBSCComp192p-012Tests.xctest */ = {isa = PBXFileReference; explicitFileType = wrapper.cfbundle; includeInIndex = 0; path = "JayasekaraJMSD-COBSCComp192p-012Tests.xctest"; sourceTree = BUILT_PRODUCTS_DIR; };
		8A7D236326313CB2009F24E6 /* JayasekaraJMSD_COBSCComp192p_012Tests.swift */ = {isa = PBXFileReference; lastKnownFileType = sourcecode.swift; path = JayasekaraJMSD_COBSCComp192p_012Tests.swift; sourceTree = "<group>"; };
		8A7D236526313CB2009F24E6 /* Info.plist */ = {isa = PBXFileReference; lastKnownFileType = text.plist.xml; path = Info.plist; sourceTree = "<group>"; };
		8A7D236A26313CB2009F24E6 /* JayasekaraJMSD-COBSCComp192p-012UITests.xctest */ = {isa = PBXFileReference; explicitFileType = wrapper.cfbundle; includeInIndex = 0; path = "JayasekaraJMSD-COBSCComp192p-012UITests.xctest"; sourceTree = BUILT_PRODUCTS_DIR; };
		8A7D236E26313CB2009F24E6 /* JayasekaraJMSD_COBSCComp192p_012UITests.swift */ = {isa = PBXFileReference; lastKnownFileType = sourcecode.swift; path = JayasekaraJMSD_COBSCComp192p_012UITests.swift; sourceTree = "<group>"; };
		8A7D237026313CB2009F24E6 /* Info.plist */ = {isa = PBXFileReference; lastKnownFileType = text.plist.xml; path = Info.plist; sourceTree = "<group>"; };
		8A89C24B26368A050092ABAB /* AddFoodViewController.swift */ = {isa = PBXFileReference; lastKnownFileType = sourcecode.swift; path = AddFoodViewController.swift; sourceTree = "<group>"; };
		8AA32D122637217200F4F48E /* CheckBox.swift */ = {isa = PBXFileReference; lastKnownFileType = sourcecode.swift; name = CheckBox.swift; path = "JayasekaraJMSD-COBSCComp192p-012/Controller/CheckBox.swift"; sourceTree = SOURCE_ROOT; };
		8AA32D172637D59C00F4F48E /* CategoryTableViewCell.swift */ = {isa = PBXFileReference; lastKnownFileType = sourcecode.swift; name = CategoryTableViewCell.swift; path = "JayasekaraJMSD-COBSCComp192p-012/Controller/CategoryTableViewCell.swift"; sourceTree = SOURCE_ROOT; };
		8AA32D242637DB4400F4F48E /* CategoryViewController.swift */ = {isa = PBXFileReference; lastKnownFileType = sourcecode.swift; path = CategoryViewController.swift; sourceTree = "<group>"; };
		8AA32D292637F88600F4F48E /* LoginViewController.swift */ = {isa = PBXFileReference; lastKnownFileType = sourcecode.swift; path = LoginViewController.swift; sourceTree = "<group>"; };
		8AA32D2E263800B600F4F48E /* RegisterViewController.swift */ = {isa = PBXFileReference; lastKnownFileType = sourcecode.swift; path = RegisterViewController.swift; sourceTree = "<group>"; };
		8AA32D332638035300F4F48E /* ForgetPasswordViewController.swift */ = {isa = PBXFileReference; lastKnownFileType = sourcecode.swift; path = ForgetPasswordViewController.swift; sourceTree = "<group>"; };
		8AA32D4D26383B5F00F4F48E /* PreviewTableViewCell.swift */ = {isa = PBXFileReference; lastKnownFileType = sourcecode.swift; name = PreviewTableViewCell.swift; path = "JayasekaraJMSD-COBSCComp192p-012/Controller/PreviewTableViewCell.swift"; sourceTree = SOURCE_ROOT; };
		8AA32D5826384ADA00F4F48E /* PreviewViewController.swift */ = {isa = PBXFileReference; lastKnownFileType = sourcecode.swift; path = PreviewViewController.swift; sourceTree = "<group>"; };
		8AA32D652639735100F4F48E /* OrderViewController.swift */ = {isa = PBXFileReference; lastKnownFileType = sourcecode.swift; path = OrderViewController.swift; sourceTree = "<group>"; };
		8AA32D6A263973B200F4F48E /* OrderTableViewCell.swift */ = {isa = PBXFileReference; lastKnownFileType = sourcecode.swift; name = OrderTableViewCell.swift; path = "JayasekaraJMSD-COBSCComp192p-012/Controller/OrderTableViewCell.swift"; sourceTree = SOURCE_ROOT; };
		8ABA83792639F11C008E3229 /* ShowOrderTableViewCell.swift */ = {isa = PBXFileReference; lastKnownFileType = sourcecode.swift; path = ShowOrderTableViewCell.swift; sourceTree = "<group>"; };
		8ACBA5D12632E4C3003CA4EA /* StoreViewController.swift */ = {isa = PBXFileReference; lastKnownFileType = sourcecode.swift; path = StoreViewController.swift; sourceTree = "<group>"; };
		BF86D99C671E48E80CE790A0 /* Pods-JayasekaraJMSD-COBSCComp192p-012-JayasekaraJMSD-COBSCComp192p-012UITests.debug.xcconfig */ = {isa = PBXFileReference; includeInIndex = 1; lastKnownFileType = text.xcconfig; name = "Pods-JayasekaraJMSD-COBSCComp192p-012-JayasekaraJMSD-COBSCComp192p-012UITests.debug.xcconfig"; path = "Target Support Files/Pods-JayasekaraJMSD-COBSCComp192p-012-JayasekaraJMSD-COBSCComp192p-012UITests/Pods-JayasekaraJMSD-COBSCComp192p-012-JayasekaraJMSD-COBSCComp192p-012UITests.debug.xcconfig"; sourceTree = "<group>"; };
		C7348F120A787C429F4C38E9 /* Pods-JayasekaraJMSD-COBSCComp192p-012Tests.debug.xcconfig */ = {isa = PBXFileReference; includeInIndex = 1; lastKnownFileType = text.xcconfig; name = "Pods-JayasekaraJMSD-COBSCComp192p-012Tests.debug.xcconfig"; path = "Target Support Files/Pods-JayasekaraJMSD-COBSCComp192p-012Tests/Pods-JayasekaraJMSD-COBSCComp192p-012Tests.debug.xcconfig"; sourceTree = "<group>"; };
		DD969DDE39A190BE8C29F8A1 /* Pods-JayasekaraJMSD-COBSCComp192p-012-JayasekaraJMSD-COBSCComp192p-012UITests.release.xcconfig */ = {isa = PBXFileReference; includeInIndex = 1; lastKnownFileType = text.xcconfig; name = "Pods-JayasekaraJMSD-COBSCComp192p-012-JayasekaraJMSD-COBSCComp192p-012UITests.release.xcconfig"; path = "Target Support Files/Pods-JayasekaraJMSD-COBSCComp192p-012-JayasekaraJMSD-COBSCComp192p-012UITests/Pods-JayasekaraJMSD-COBSCComp192p-012-JayasekaraJMSD-COBSCComp192p-012UITests.release.xcconfig"; sourceTree = "<group>"; };
		DED994FE2DC8C97C23F59373 /* Pods_JayasekaraJMSD_COBSCComp192p_012_JayasekaraJMSD_COBSCComp192p_012UITests.framework */ = {isa = PBXFileReference; explicitFileType = wrapper.framework; includeInIndex = 0; path = Pods_JayasekaraJMSD_COBSCComp192p_012_JayasekaraJMSD_COBSCComp192p_012UITests.framework; sourceTree = BUILT_PRODUCTS_DIR; };
		F2EC9115ADD5D607E9E79DD4 /* Pods_JayasekaraJMSD_COBSCComp192p_012.framework */ = {isa = PBXFileReference; explicitFileType = wrapper.framework; includeInIndex = 0; path = Pods_JayasekaraJMSD_COBSCComp192p_012.framework; sourceTree = BUILT_PRODUCTS_DIR; };
/* End PBXFileReference section */

/* Begin PBXFrameworksBuildPhase section */
		8A7D234326313CB1009F24E6 /* Frameworks */ = {
			isa = PBXFrameworksBuildPhase;
			buildActionMask = 2147483647;
			files = (
				169933A3AB18E9648C5D7871 /* Pods_JayasekaraJMSD_COBSCComp192p_012.framework in Frameworks */,
			);
			runOnlyForDeploymentPostprocessing = 0;
		};
		8A7D235C26313CB2009F24E6 /* Frameworks */ = {
			isa = PBXFrameworksBuildPhase;
			buildActionMask = 2147483647;
			files = (
				E066F92A5E9B7BCC26796F34 /* Pods_JayasekaraJMSD_COBSCComp192p_012Tests.framework in Frameworks */,
			);
			runOnlyForDeploymentPostprocessing = 0;
		};
		8A7D236726313CB2009F24E6 /* Frameworks */ = {
			isa = PBXFrameworksBuildPhase;
			buildActionMask = 2147483647;
			files = (
				5423CFE25DF7FC15D65ACF0F /* Pods_JayasekaraJMSD_COBSCComp192p_012_JayasekaraJMSD_COBSCComp192p_012UITests.framework in Frameworks */,
			);
			runOnlyForDeploymentPostprocessing = 0;
		};
/* End PBXFrameworksBuildPhase section */

/* Begin PBXGroup section */
		30100756A599FD351E5BE920 /* Pods */ = {
			isa = PBXGroup;
			children = (
				83F81A1D1B0FF0E37F9DBEBB /* Pods-JayasekaraJMSD-COBSCComp192p-012.debug.xcconfig */,
				5C3E326C7E469F6E30ACA239 /* Pods-JayasekaraJMSD-COBSCComp192p-012.release.xcconfig */,
				BF86D99C671E48E80CE790A0 /* Pods-JayasekaraJMSD-COBSCComp192p-012-JayasekaraJMSD-COBSCComp192p-012UITests.debug.xcconfig */,
				DD969DDE39A190BE8C29F8A1 /* Pods-JayasekaraJMSD-COBSCComp192p-012-JayasekaraJMSD-COBSCComp192p-012UITests.release.xcconfig */,
				C7348F120A787C429F4C38E9 /* Pods-JayasekaraJMSD-COBSCComp192p-012Tests.debug.xcconfig */,
				78A48D5BEB9D378B29FCCEF8 /* Pods-JayasekaraJMSD-COBSCComp192p-012Tests.release.xcconfig */,
			);
			path = Pods;
			sourceTree = "<group>";
		};
		7AA36E40FA287DB6C4F3C4D4 /* Frameworks */ = {
			isa = PBXGroup;
			children = (
				F2EC9115ADD5D607E9E79DD4 /* Pods_JayasekaraJMSD_COBSCComp192p_012.framework */,
				DED994FE2DC8C97C23F59373 /* Pods_JayasekaraJMSD_COBSCComp192p_012_JayasekaraJMSD_COBSCComp192p_012UITests.framework */,
				21E116EFB9AED7C55EEE0818 /* Pods_JayasekaraJMSD_COBSCComp192p_012Tests.framework */,
			);
			name = Frameworks;
			sourceTree = "<group>";
		};
		8A444AAA263152A6000986F8 /* Controller */ = {
			isa = PBXGroup;
			children = (
				8A7D234D26313CB1009F24E6 /* ViewController.swift */,
				8ACBA5D12632E4C3003CA4EA /* StoreViewController.swift */,
				8A89C24B26368A050092ABAB /* AddFoodViewController.swift */,
				8AA32D242637DB4400F4F48E /* CategoryViewController.swift */,
				8AA32D292637F88600F4F48E /* LoginViewController.swift */,
				8AA32D2E263800B600F4F48E /* RegisterViewController.swift */,
				8AA32D332638035300F4F48E /* ForgetPasswordViewController.swift */,
				8AA32D5826384ADA00F4F48E /* PreviewViewController.swift */,
				8AA32D652639735100F4F48E /* OrderViewController.swift */,
				8A080FF3263AE77C001E1CAC /* ShowDetailsViewController.swift */,
				8A080FFD263B2450001E1CAC /* AccountViewController.swift */,
			);
			path = Controller;
			sourceTree = "<group>";
		};
		8A444AAB263152C1000986F8 /* Model */ = {
			isa = PBXGroup;
			children = (
				8AA32D122637217200F4F48E /* CheckBox.swift */,
				8AA32D172637D59C00F4F48E /* CategoryTableViewCell.swift */,
				8AA32D4D26383B5F00F4F48E /* PreviewTableViewCell.swift */,
				8AA32D6A263973B200F4F48E /* OrderTableViewCell.swift */,
				8ABA83792639F11C008E3229 /* ShowOrderTableViewCell.swift */,
				8A080FF8263B22B4001E1CAC /* AccountTableViewCell.swift */,
			);
			path = Model;
			sourceTree = "<group>";
		};
		8A444AAC263152EA000986F8 /* Services */ = {
			isa = PBXGroup;
			children = (
				8A081008263BE109001E1CAC /* AuthService.swift */,
			);
			path = Services;
			sourceTree = "<group>";
		};
		8A444AAD26315304000986F8 /* View */ = {
			isa = PBXGroup;
			children = (
				8A7D234F26313CB1009F24E6 /* Main.storyboard */,
				8A7D235726313CB2009F24E6 /* LaunchScreen.storyboard */,
			);
			path = View;
			sourceTree = "<group>";
		};
		8A7D233D26313CB1009F24E6 = {
			isa = PBXGroup;
			children = (
				8A1E4A4526355A8900420A13 /* GoogleService-Info.plist */,
				8A7D234826313CB1009F24E6 /* JayasekaraJMSD-COBSCComp192p-012 */,
				8A7D236226313CB2009F24E6 /* JayasekaraJMSD-COBSCComp192p-012Tests */,
				8A7D236D26313CB2009F24E6 /* JayasekaraJMSD-COBSCComp192p-012UITests */,
				8A7D234726313CB1009F24E6 /* Products */,
				30100756A599FD351E5BE920 /* Pods */,
				7AA36E40FA287DB6C4F3C4D4 /* Frameworks */,
			);
			sourceTree = "<group>";
		};
		8A7D234726313CB1009F24E6 /* Products */ = {
			isa = PBXGroup;
			children = (
				8A7D234626313CB1009F24E6 /* JayasekaraJMSD-COBSCComp192p-012.app */,
				8A7D235F26313CB2009F24E6 /* JayasekaraJMSD-COBSCComp192p-012Tests.xctest */,
				8A7D236A26313CB2009F24E6 /* JayasekaraJMSD-COBSCComp192p-012UITests.xctest */,
			);
			name = Products;
			sourceTree = "<group>";
		};
		8A7D234826313CB1009F24E6 /* JayasekaraJMSD-COBSCComp192p-012 */ = {
			isa = PBXGroup;
			children = (
				8A444AAD26315304000986F8 /* View */,
				8A444AAC263152EA000986F8 /* Services */,
				8A444AAB263152C1000986F8 /* Model */,
				8A444AAA263152A6000986F8 /* Controller */,
				8A7D234926313CB1009F24E6 /* AppDelegate.swift */,
				8A7D234B26313CB1009F24E6 /* SceneDelegate.swift */,
				8A7D235526313CB2009F24E6 /* Assets.xcassets */,
				8A7D235A26313CB2009F24E6 /* Info.plist */,
				8A7D235226313CB1009F24E6 /* JayasekaraJMSD_COBSCComp192p_012.xcdatamodeld */,
			);
			path = "JayasekaraJMSD-COBSCComp192p-012";
			sourceTree = "<group>";
		};
		8A7D236226313CB2009F24E6 /* JayasekaraJMSD-COBSCComp192p-012Tests */ = {
			isa = PBXGroup;
			children = (
				8A7D236326313CB2009F24E6 /* JayasekaraJMSD_COBSCComp192p_012Tests.swift */,
				8A7D236526313CB2009F24E6 /* Info.plist */,
				8A081013263BE197001E1CAC /* LoginFlow.swift */,
			);
			path = "JayasekaraJMSD-COBSCComp192p-012Tests";
			sourceTree = "<group>";
		};
		8A7D236D26313CB2009F24E6 /* JayasekaraJMSD-COBSCComp192p-012UITests */ = {
			isa = PBXGroup;
			children = (
				8A7D236E26313CB2009F24E6 /* JayasekaraJMSD_COBSCComp192p_012UITests.swift */,
				8A7D237026313CB2009F24E6 /* Info.plist */,
				8A081018263BE369001E1CAC /* LoginUiTest.swift */,
			);
			path = "JayasekaraJMSD-COBSCComp192p-012UITests";
			sourceTree = "<group>";
		};
/* End PBXGroup section */

/* Begin PBXNativeTarget section */
		8A7D234526313CB1009F24E6 /* JayasekaraJMSD-COBSCComp192p-012 */ = {
			isa = PBXNativeTarget;
			buildConfigurationList = 8A7D237326313CB2009F24E6 /* Build configuration list for PBXNativeTarget "JayasekaraJMSD-COBSCComp192p-012" */;
			buildPhases = (
				D1D18E0BD4818F2633F68F8F /* [CP] Check Pods Manifest.lock */,
				8A7D234226313CB1009F24E6 /* Sources */,
				8A7D234326313CB1009F24E6 /* Frameworks */,
				8A7D234426313CB1009F24E6 /* Resources */,
				707547A0BCD7A28970D8C6BB /* [CP] Embed Pods Frameworks */,
			);
			buildRules = (
			);
			dependencies = (
			);
			name = "JayasekaraJMSD-COBSCComp192p-012";
			productName = "JayasekaraJMSD-COBSCComp192p-012";
			productReference = 8A7D234626313CB1009F24E6 /* JayasekaraJMSD-COBSCComp192p-012.app */;
			productType = "com.apple.product-type.application";
		};
		8A7D235E26313CB2009F24E6 /* JayasekaraJMSD-COBSCComp192p-012Tests */ = {
			isa = PBXNativeTarget;
			buildConfigurationList = 8A7D237626313CB2009F24E6 /* Build configuration list for PBXNativeTarget "JayasekaraJMSD-COBSCComp192p-012Tests" */;
			buildPhases = (
				DC7BF4D1AA08B095D66ED85B /* [CP] Check Pods Manifest.lock */,
				8A7D235B26313CB2009F24E6 /* Sources */,
				8A7D235C26313CB2009F24E6 /* Frameworks */,
				8A7D235D26313CB2009F24E6 /* Resources */,
			);
			buildRules = (
			);
			dependencies = (
				8A7D236126313CB2009F24E6 /* PBXTargetDependency */,
			);
			name = "JayasekaraJMSD-COBSCComp192p-012Tests";
			productName = "JayasekaraJMSD-COBSCComp192p-012Tests";
			productReference = 8A7D235F26313CB2009F24E6 /* JayasekaraJMSD-COBSCComp192p-012Tests.xctest */;
			productType = "com.apple.product-type.bundle.unit-test";
		};
		8A7D236926313CB2009F24E6 /* JayasekaraJMSD-COBSCComp192p-012UITests */ = {
			isa = PBXNativeTarget;
			buildConfigurationList = 8A7D237926313CB2009F24E6 /* Build configuration list for PBXNativeTarget "JayasekaraJMSD-COBSCComp192p-012UITests" */;
			buildPhases = (
				874C51994738489D041DC1C8 /* [CP] Check Pods Manifest.lock */,
				8A7D236626313CB2009F24E6 /* Sources */,
				8A7D236726313CB2009F24E6 /* Frameworks */,
				8A7D236826313CB2009F24E6 /* Resources */,
				DBC2A97D300BEFC998063712 /* [CP] Embed Pods Frameworks */,
			);
			buildRules = (
			);
			dependencies = (
				8A7D236C26313CB2009F24E6 /* PBXTargetDependency */,
			);
			name = "JayasekaraJMSD-COBSCComp192p-012UITests";
			productName = "JayasekaraJMSD-COBSCComp192p-012UITests";
			productReference = 8A7D236A26313CB2009F24E6 /* JayasekaraJMSD-COBSCComp192p-012UITests.xctest */;
			productType = "com.apple.product-type.bundle.ui-testing";
		};
/* End PBXNativeTarget section */

/* Begin PBXProject section */
		8A7D233E26313CB1009F24E6 /* Project object */ = {
			isa = PBXProject;
			attributes = {
				LastSwiftUpdateCheck = 1240;
				LastUpgradeCheck = 1240;
				TargetAttributes = {
					8A7D234526313CB1009F24E6 = {
						CreatedOnToolsVersion = 12.4;
					};
					8A7D235E26313CB2009F24E6 = {
						CreatedOnToolsVersion = 12.4;
						TestTargetID = 8A7D234526313CB1009F24E6;
					};
					8A7D236926313CB2009F24E6 = {
						CreatedOnToolsVersion = 12.4;
						TestTargetID = 8A7D234526313CB1009F24E6;
					};
				};
			};
			buildConfigurationList = 8A7D234126313CB1009F24E6 /* Build configuration list for PBXProject "JayasekaraJMSD-COBSCComp192p-012" */;
			compatibilityVersion = "Xcode 9.3";
			developmentRegion = en;
			hasScannedForEncodings = 0;
			knownRegions = (
				en,
				Base,
			);
			mainGroup = 8A7D233D26313CB1009F24E6;
			productRefGroup = 8A7D234726313CB1009F24E6 /* Products */;
			projectDirPath = "";
			projectRoot = "";
			targets = (
				8A7D234526313CB1009F24E6 /* JayasekaraJMSD-COBSCComp192p-012 */,
				8A7D235E26313CB2009F24E6 /* JayasekaraJMSD-COBSCComp192p-012Tests */,
				8A7D236926313CB2009F24E6 /* JayasekaraJMSD-COBSCComp192p-012UITests */,
			);
		};
/* End PBXProject section */

/* Begin PBXResourcesBuildPhase section */
		8A7D234426313CB1009F24E6 /* Resources */ = {
			isa = PBXResourcesBuildPhase;
			buildActionMask = 2147483647;
			files = (
				8A7D235926313CB2009F24E6 /* LaunchScreen.storyboard in Resources */,
				8A1E4A4626355A8900420A13 /* GoogleService-Info.plist in Resources */,
				8A7D235626313CB2009F24E6 /* Assets.xcassets in Resources */,
				8A7D235126313CB1009F24E6 /* Main.storyboard in Resources */,
			);
			runOnlyForDeploymentPostprocessing = 0;
		};
		8A7D235D26313CB2009F24E6 /* Resources */ = {
			isa = PBXResourcesBuildPhase;
			buildActionMask = 2147483647;
			files = (
				8A1E4A4726355A8900420A13 /* GoogleService-Info.plist in Resources */,
			);
			runOnlyForDeploymentPostprocessing = 0;
		};
		8A7D236826313CB2009F24E6 /* Resources */ = {
			isa = PBXResourcesBuildPhase;
			buildActionMask = 2147483647;
			files = (
				8A1E4A4826355A8900420A13 /* GoogleService-Info.plist in Resources */,
			);
			runOnlyForDeploymentPostprocessing = 0;
		};
/* End PBXResourcesBuildPhase section */

/* Begin PBXShellScriptBuildPhase section */
		707547A0BCD7A28970D8C6BB /* [CP] Embed Pods Frameworks */ = {
			isa = PBXShellScriptBuildPhase;
			buildActionMask = 2147483647;
			files = (
			);
			inputFileListPaths = (
				"${PODS_ROOT}/Target Support Files/Pods-JayasekaraJMSD-COBSCComp192p-012/Pods-JayasekaraJMSD-COBSCComp192p-012-frameworks-${CONFIGURATION}-input-files.xcfilelist",
			);
			name = "[CP] Embed Pods Frameworks";
			outputFileListPaths = (
				"${PODS_ROOT}/Target Support Files/Pods-JayasekaraJMSD-COBSCComp192p-012/Pods-JayasekaraJMSD-COBSCComp192p-012-frameworks-${CONFIGURATION}-output-files.xcfilelist",
			);
			runOnlyForDeploymentPostprocessing = 0;
			shellPath = /bin/sh;
			shellScript = "\"${PODS_ROOT}/Target Support Files/Pods-JayasekaraJMSD-COBSCComp192p-012/Pods-JayasekaraJMSD-COBSCComp192p-012-frameworks.sh\"\n";
			showEnvVarsInLog = 0;
		};
		874C51994738489D041DC1C8 /* [CP] Check Pods Manifest.lock */ = {
			isa = PBXShellScriptBuildPhase;
			buildActionMask = 2147483647;
			files = (
			);
			inputFileListPaths = (
			);
			inputPaths = (
				"${PODS_PODFILE_DIR_PATH}/Podfile.lock",
				"${PODS_ROOT}/Manifest.lock",
			);
			name = "[CP] Check Pods Manifest.lock";
			outputFileListPaths = (
			);
			outputPaths = (
				"$(DERIVED_FILE_DIR)/Pods-JayasekaraJMSD-COBSCComp192p-012-JayasekaraJMSD-COBSCComp192p-012UITests-checkManifestLockResult.txt",
			);
			runOnlyForDeploymentPostprocessing = 0;
			shellPath = /bin/sh;
			shellScript = "diff \"${PODS_PODFILE_DIR_PATH}/Podfile.lock\" \"${PODS_ROOT}/Manifest.lock\" > /dev/null\nif [ $? != 0 ] ; then\n    # print error to STDERR\n    echo \"error: The sandbox is not in sync with the Podfile.lock. Run 'pod install' or update your CocoaPods installation.\" >&2\n    exit 1\nfi\n# This output is used by Xcode 'outputs' to avoid re-running this script phase.\necho \"SUCCESS\" > \"${SCRIPT_OUTPUT_FILE_0}\"\n";
			showEnvVarsInLog = 0;
		};
		D1D18E0BD4818F2633F68F8F /* [CP] Check Pods Manifest.lock */ = {
			isa = PBXShellScriptBuildPhase;
			buildActionMask = 2147483647;
			files = (
			);
			inputFileListPaths = (
			);
			inputPaths = (
				"${PODS_PODFILE_DIR_PATH}/Podfile.lock",
				"${PODS_ROOT}/Manifest.lock",
			);
			name = "[CP] Check Pods Manifest.lock";
			outputFileListPaths = (
			);
			outputPaths = (
				"$(DERIVED_FILE_DIR)/Pods-JayasekaraJMSD-COBSCComp192p-012-checkManifestLockResult.txt",
			);
			runOnlyForDeploymentPostprocessing = 0;
			shellPath = /bin/sh;
			shellScript = "diff \"${PODS_PODFILE_DIR_PATH}/Podfile.lock\" \"${PODS_ROOT}/Manifest.lock\" > /dev/null\nif [ $? != 0 ] ; then\n    # print error to STDERR\n    echo \"error: The sandbox is not in sync with the Podfile.lock. Run 'pod install' or update your CocoaPods installation.\" >&2\n    exit 1\nfi\n# This output is used by Xcode 'outputs' to avoid re-running this script phase.\necho \"SUCCESS\" > \"${SCRIPT_OUTPUT_FILE_0}\"\n";
			showEnvVarsInLog = 0;
		};
		DBC2A97D300BEFC998063712 /* [CP] Embed Pods Frameworks */ = {
			isa = PBXShellScriptBuildPhase;
			buildActionMask = 2147483647;
			files = (
			);
			inputFileListPaths = (
				"${PODS_ROOT}/Target Support Files/Pods-JayasekaraJMSD-COBSCComp192p-012-JayasekaraJMSD-COBSCComp192p-012UITests/Pods-JayasekaraJMSD-COBSCComp192p-012-JayasekaraJMSD-COBSCComp192p-012UITests-frameworks-${CONFIGURATION}-input-files.xcfilelist",
			);
			name = "[CP] Embed Pods Frameworks";
			outputFileListPaths = (
				"${PODS_ROOT}/Target Support Files/Pods-JayasekaraJMSD-COBSCComp192p-012-JayasekaraJMSD-COBSCComp192p-012UITests/Pods-JayasekaraJMSD-COBSCComp192p-012-JayasekaraJMSD-COBSCComp192p-012UITests-frameworks-${CONFIGURATION}-output-files.xcfilelist",
			);
			runOnlyForDeploymentPostprocessing = 0;
			shellPath = /bin/sh;
			shellScript = "\"${PODS_ROOT}/Target Support Files/Pods-JayasekaraJMSD-COBSCComp192p-012-JayasekaraJMSD-COBSCComp192p-012UITests/Pods-JayasekaraJMSD-COBSCComp192p-012-JayasekaraJMSD-COBSCComp192p-012UITests-frameworks.sh\"\n";
			showEnvVarsInLog = 0;
		};
		DC7BF4D1AA08B095D66ED85B /* [CP] Check Pods Manifest.lock */ = {
			isa = PBXShellScriptBuildPhase;
			buildActionMask = 2147483647;
			files = (
			);
			inputFileListPaths = (
			);
			inputPaths = (
				"${PODS_PODFILE_DIR_PATH}/Podfile.lock",
				"${PODS_ROOT}/Manifest.lock",
			);
			name = "[CP] Check Pods Manifest.lock";
			outputFileListPaths = (
			);
			outputPaths = (
				"$(DERIVED_FILE_DIR)/Pods-JayasekaraJMSD-COBSCComp192p-012Tests-checkManifestLockResult.txt",
			);
			runOnlyForDeploymentPostprocessing = 0;
			shellPath = /bin/sh;
			shellScript = "diff \"${PODS_PODFILE_DIR_PATH}/Podfile.lock\" \"${PODS_ROOT}/Manifest.lock\" > /dev/null\nif [ $? != 0 ] ; then\n    # print error to STDERR\n    echo \"error: The sandbox is not in sync with the Podfile.lock. Run 'pod install' or update your CocoaPods installation.\" >&2\n    exit 1\nfi\n# This output is used by Xcode 'outputs' to avoid re-running this script phase.\necho \"SUCCESS\" > \"${SCRIPT_OUTPUT_FILE_0}\"\n";
			showEnvVarsInLog = 0;
		};
/* End PBXShellScriptBuildPhase section */

/* Begin PBXSourcesBuildPhase section */
		8A7D234226313CB1009F24E6 /* Sources */ = {
			isa = PBXSourcesBuildPhase;
			buildActionMask = 2147483647;
			files = (
				8A7D234E26313CB1009F24E6 /* ViewController.swift in Sources */,
				8AA32D2F263800B600F4F48E /* RegisterViewController.swift in Sources */,
				8AA32D6B263973B200F4F48E /* OrderTableViewCell.swift in Sources */,
				8A7D235426313CB1009F24E6 /* JayasekaraJMSD_COBSCComp192p_012.xcdatamodeld in Sources */,
				8A7D234A26313CB1009F24E6 /* AppDelegate.swift in Sources */,
				8A080FF9263B22B4001E1CAC /* AccountTableViewCell.swift in Sources */,
				8A36AA43263C1B96004303D9 /* AuthService.swift in Sources */,
				8A080FFE263B2450001E1CAC /* AccountViewController.swift in Sources */,
				8AA32D132637217200F4F48E /* CheckBox.swift in Sources */,
				8A7D234C26313CB1009F24E6 /* SceneDelegate.swift in Sources */,
				8ABA837A2639F11C008E3229 /* ShowOrderTableViewCell.swift in Sources */,
				8A89C24C26368A050092ABAB /* AddFoodViewController.swift in Sources */,
				8ACBA5D22632E4C3003CA4EA /* StoreViewController.swift in Sources */,
				8AA32D4E26383B5F00F4F48E /* PreviewTableViewCell.swift in Sources */,
				8AA32D5926384ADA00F4F48E /* PreviewViewController.swift in Sources */,
				8AA32D252637DB4400F4F48E /* CategoryViewController.swift in Sources */,
				8AA32D662639735100F4F48E /* OrderViewController.swift in Sources */,
				8AA32D2A2637F88600F4F48E /* LoginViewController.swift in Sources */,
				8AA32D342638035300F4F48E /* ForgetPasswordViewController.swift in Sources */,
				8A080FF4263AE77C001E1CAC /* ShowDetailsViewController.swift in Sources */,
				8AA32D182637D59C00F4F48E /* CategoryTableViewCell.swift in Sources */,
			);
			runOnlyForDeploymentPostprocessing = 0;
		};
		8A7D235B26313CB2009F24E6 /* Sources */ = {
			isa = PBXSourcesBuildPhase;
			buildActionMask = 2147483647;
			files = (
				8A081009263BE109001E1CAC /* AuthService.swift in Sources */,
				8A7D236426313CB2009F24E6 /* JayasekaraJMSD_COBSCComp192p_012Tests.swift in Sources */,
				8A081014263BE197001E1CAC /* LoginFlow.swift in Sources */,
			);
			runOnlyForDeploymentPostprocessing = 0;
		};
		8A7D236626313CB2009F24E6 /* Sources */ = {
			isa = PBXSourcesBuildPhase;
			buildActionMask = 2147483647;
			files = (
				8A7D236F26313CB2009F24E6 /* JayasekaraJMSD_COBSCComp192p_012UITests.swift in Sources */,
				8A081019263BE369001E1CAC /* LoginUiTest.swift in Sources */,
			);
			runOnlyForDeploymentPostprocessing = 0;
		};
/* End PBXSourcesBuildPhase section */

/* Begin PBXTargetDependency section */
		8A7D236126313CB2009F24E6 /* PBXTargetDependency */ = {
			isa = PBXTargetDependency;
			target = 8A7D234526313CB1009F24E6 /* JayasekaraJMSD-COBSCComp192p-012 */;
			targetProxy = 8A7D236026313CB2009F24E6 /* PBXContainerItemProxy */;
		};
		8A7D236C26313CB2009F24E6 /* PBXTargetDependency */ = {
			isa = PBXTargetDependency;
			target = 8A7D234526313CB1009F24E6 /* JayasekaraJMSD-COBSCComp192p-012 */;
			targetProxy = 8A7D236B26313CB2009F24E6 /* PBXContainerItemProxy */;
		};
/* End PBXTargetDependency section */

/* Begin PBXVariantGroup section */
		8A7D234F26313CB1009F24E6 /* Main.storyboard */ = {
			isa = PBXVariantGroup;
			children = (
				8A7D235026313CB1009F24E6 /* Base */,
			);
			name = Main.storyboard;
			sourceTree = "<group>";
		};
		8A7D235726313CB2009F24E6 /* LaunchScreen.storyboard */ = {
			isa = PBXVariantGroup;
			children = (
				8A7D235826313CB2009F24E6 /* Base */,
			);
			name = LaunchScreen.storyboard;
			sourceTree = "<group>";
		};
/* End PBXVariantGroup section */

/* Begin XCBuildConfiguration section */
		8A7D237126313CB2009F24E6 /* Debug */ = {
			isa = XCBuildConfiguration;
			buildSettings = {
				ALWAYS_SEARCH_USER_PATHS = NO;
				CLANG_ANALYZER_NONNULL = YES;
				CLANG_ANALYZER_NUMBER_OBJECT_CONVERSION = YES_AGGRESSIVE;
				CLANG_CXX_LANGUAGE_STANDARD = "gnu++14";
				CLANG_CXX_LIBRARY = "libc++";
				CLANG_ENABLE_MODULES = YES;
				CLANG_ENABLE_OBJC_ARC = YES;
				CLANG_ENABLE_OBJC_WEAK = YES;
				CLANG_WARN_BLOCK_CAPTURE_AUTORELEASING = YES;
				CLANG_WARN_BOOL_CONVERSION = YES;
				CLANG_WARN_COMMA = YES;
				CLANG_WARN_CONSTANT_CONVERSION = YES;
				CLANG_WARN_DEPRECATED_OBJC_IMPLEMENTATIONS = YES;
				CLANG_WARN_DIRECT_OBJC_ISA_USAGE = YES_ERROR;
				CLANG_WARN_DOCUMENTATION_COMMENTS = YES;
				CLANG_WARN_EMPTY_BODY = YES;
				CLANG_WARN_ENUM_CONVERSION = YES;
				CLANG_WARN_INFINITE_RECURSION = YES;
				CLANG_WARN_INT_CONVERSION = YES;
				CLANG_WARN_NON_LITERAL_NULL_CONVERSION = YES;
				CLANG_WARN_OBJC_IMPLICIT_RETAIN_SELF = YES;
				CLANG_WARN_OBJC_LITERAL_CONVERSION = YES;
				CLANG_WARN_OBJC_ROOT_CLASS = YES_ERROR;
				CLANG_WARN_QUOTED_INCLUDE_IN_FRAMEWORK_HEADER = YES;
				CLANG_WARN_RANGE_LOOP_ANALYSIS = YES;
				CLANG_WARN_STRICT_PROTOTYPES = YES;
				CLANG_WARN_SUSPICIOUS_MOVE = YES;
				CLANG_WARN_UNGUARDED_AVAILABILITY = YES_AGGRESSIVE;
				CLANG_WARN_UNREACHABLE_CODE = YES;
				CLANG_WARN__DUPLICATE_METHOD_MATCH = YES;
				COPY_PHASE_STRIP = NO;
				DEBUG_INFORMATION_FORMAT = dwarf;
				ENABLE_STRICT_OBJC_MSGSEND = YES;
				ENABLE_TESTABILITY = YES;
				GCC_C_LANGUAGE_STANDARD = gnu11;
				GCC_DYNAMIC_NO_PIC = NO;
				GCC_NO_COMMON_BLOCKS = YES;
				GCC_OPTIMIZATION_LEVEL = 0;
				GCC_PREPROCESSOR_DEFINITIONS = (
					"DEBUG=1",
					"$(inherited)",
				);
				GCC_WARN_64_TO_32_BIT_CONVERSION = YES;
				GCC_WARN_ABOUT_RETURN_TYPE = YES_ERROR;
				GCC_WARN_UNDECLARED_SELECTOR = YES;
				GCC_WARN_UNINITIALIZED_AUTOS = YES_AGGRESSIVE;
				GCC_WARN_UNUSED_FUNCTION = YES;
				GCC_WARN_UNUSED_VARIABLE = YES;
				IPHONEOS_DEPLOYMENT_TARGET = 14.4;
				MTL_ENABLE_DEBUG_INFO = INCLUDE_SOURCE;
				MTL_FAST_MATH = YES;
				ONLY_ACTIVE_ARCH = YES;
				SDKROOT = iphoneos;
				SWIFT_ACTIVE_COMPILATION_CONDITIONS = DEBUG;
				SWIFT_OPTIMIZATION_LEVEL = "-Onone";
			};
			name = Debug;
		};
		8A7D237226313CB2009F24E6 /* Release */ = {
			isa = XCBuildConfiguration;
			buildSettings = {
				ALWAYS_SEARCH_USER_PATHS = NO;
				CLANG_ANALYZER_NONNULL = YES;
				CLANG_ANALYZER_NUMBER_OBJECT_CONVERSION = YES_AGGRESSIVE;
				CLANG_CXX_LANGUAGE_STANDARD = "gnu++14";
				CLANG_CXX_LIBRARY = "libc++";
				CLANG_ENABLE_MODULES = YES;
				CLANG_ENABLE_OBJC_ARC = YES;
				CLANG_ENABLE_OBJC_WEAK = YES;
				CLANG_WARN_BLOCK_CAPTURE_AUTORELEASING = YES;
				CLANG_WARN_BOOL_CONVERSION = YES;
				CLANG_WARN_COMMA = YES;
				CLANG_WARN_CONSTANT_CONVERSION = YES;
				CLANG_WARN_DEPRECATED_OBJC_IMPLEMENTATIONS = YES;
				CLANG_WARN_DIRECT_OBJC_ISA_USAGE = YES_ERROR;
				CLANG_WARN_DOCUMENTATION_COMMENTS = YES;
				CLANG_WARN_EMPTY_BODY = YES;
				CLANG_WARN_ENUM_CONVERSION = YES;
				CLANG_WARN_INFINITE_RECURSION = YES;
				CLANG_WARN_INT_CONVERSION = YES;
				CLANG_WARN_NON_LITERAL_NULL_CONVERSION = YES;
				CLANG_WARN_OBJC_IMPLICIT_RETAIN_SELF = YES;
				CLANG_WARN_OBJC_LITERAL_CONVERSION = YES;
				CLANG_WARN_OBJC_ROOT_CLASS = YES_ERROR;
				CLANG_WARN_QUOTED_INCLUDE_IN_FRAMEWORK_HEADER = YES;
				CLANG_WARN_RANGE_LOOP_ANALYSIS = YES;
				CLANG_WARN_STRICT_PROTOTYPES = YES;
				CLANG_WARN_SUSPICIOUS_MOVE = YES;
				CLANG_WARN_UNGUARDED_AVAILABILITY = YES_AGGRESSIVE;
				CLANG_WARN_UNREACHABLE_CODE = YES;
				CLANG_WARN__DUPLICATE_METHOD_MATCH = YES;
				COPY_PHASE_STRIP = NO;
				DEBUG_INFORMATION_FORMAT = "dwarf-with-dsym";
				ENABLE_NS_ASSERTIONS = NO;
				ENABLE_STRICT_OBJC_MSGSEND = YES;
				GCC_C_LANGUAGE_STANDARD = gnu11;
				GCC_NO_COMMON_BLOCKS = YES;
				GCC_WARN_64_TO_32_BIT_CONVERSION = YES;
				GCC_WARN_ABOUT_RETURN_TYPE = YES_ERROR;
				GCC_WARN_UNDECLARED_SELECTOR = YES;
				GCC_WARN_UNINITIALIZED_AUTOS = YES_AGGRESSIVE;
				GCC_WARN_UNUSED_FUNCTION = YES;
				GCC_WARN_UNUSED_VARIABLE = YES;
				IPHONEOS_DEPLOYMENT_TARGET = 14.4;
				MTL_ENABLE_DEBUG_INFO = NO;
				MTL_FAST_MATH = YES;
				SDKROOT = iphoneos;
				SWIFT_COMPILATION_MODE = wholemodule;
				SWIFT_OPTIMIZATION_LEVEL = "-O";
				VALIDATE_PRODUCT = YES;
			};
			name = Release;
		};
		8A7D237426313CB2009F24E6 /* Debug */ = {
			isa = XCBuildConfiguration;
			baseConfigurationReference = 83F81A1D1B0FF0E37F9DBEBB /* Pods-JayasekaraJMSD-COBSCComp192p-012.debug.xcconfig */;
			buildSettings = {
				ASSETCATALOG_COMPILER_APPICON_NAME = AppIcon;
				ASSETCATALOG_COMPILER_GLOBAL_ACCENT_COLOR_NAME = AccentColor;
				CODE_SIGN_STYLE = Automatic;
				DEVELOPMENT_TEAM = N5A7HC49TT;
				INFOPLIST_FILE = "JayasekaraJMSD-COBSCComp192p-012/Info.plist";
				LD_RUNPATH_SEARCH_PATHS = (
					"$(inherited)",
					"@executable_path/Frameworks",
				);
				PRODUCT_BUNDLE_IDENTIFIER = "com.nibm.JayasekaraJMSD-COBSCComp192p-012";
				PRODUCT_NAME = "$(TARGET_NAME)";
				SWIFT_VERSION = 5.0;
				TARGETED_DEVICE_FAMILY = 1;
			};
			name = Debug;
		};
		8A7D237526313CB2009F24E6 /* Release */ = {
			isa = XCBuildConfiguration;
			baseConfigurationReference = 5C3E326C7E469F6E30ACA239 /* Pods-JayasekaraJMSD-COBSCComp192p-012.release.xcconfig */;
			buildSettings = {
				ASSETCATALOG_COMPILER_APPICON_NAME = AppIcon;
				ASSETCATALOG_COMPILER_GLOBAL_ACCENT_COLOR_NAME = AccentColor;
				CODE_SIGN_STYLE = Automatic;
				DEVELOPMENT_TEAM = N5A7HC49TT;
				INFOPLIST_FILE = "JayasekaraJMSD-COBSCComp192p-012/Info.plist";
				LD_RUNPATH_SEARCH_PATHS = (
					"$(inherited)",
					"@executable_path/Frameworks",
				);
				PRODUCT_BUNDLE_IDENTIFIER = "com.nibm.JayasekaraJMSD-COBSCComp192p-012";
				PRODUCT_NAME = "$(TARGET_NAME)";
				SWIFT_VERSION = 5.0;
				TARGETED_DEVICE_FAMILY = 1;
			};
			name = Release;
		};
		8A7D237726313CB2009F24E6 /* Debug */ = {
			isa = XCBuildConfiguration;
			baseConfigurationReference = C7348F120A787C429F4C38E9 /* Pods-JayasekaraJMSD-COBSCComp192p-012Tests.debug.xcconfig */;
			buildSettings = {
				ALWAYS_EMBED_SWIFT_STANDARD_LIBRARIES = YES;
				BUNDLE_LOADER = "$(TEST_HOST)";
				CODE_SIGN_STYLE = Automatic;
				DEVELOPMENT_TEAM = N5A7HC49TT;
				INFOPLIST_FILE = "JayasekaraJMSD-COBSCComp192p-012Tests/Info.plist";
				IPHONEOS_DEPLOYMENT_TARGET = 14.4;
				LD_RUNPATH_SEARCH_PATHS = (
					"$(inherited)",
					"@executable_path/Frameworks",
					"@loader_path/Frameworks",
				);
				PRODUCT_BUNDLE_IDENTIFIER = "com.nibm.JayasekaraJMSD-COBSCComp192p-012Tests";
				PRODUCT_NAME = "$(TARGET_NAME)";
				SWIFT_VERSION = 5.0;
				TARGETED_DEVICE_FAMILY = "1,2";
				TEST_HOST = "$(BUILT_PRODUCTS_DIR)/JayasekaraJMSD-COBSCComp192p-012.app/JayasekaraJMSD-COBSCComp192p-012";
			};
			name = Debug;
		};
		8A7D237826313CB2009F24E6 /* Release */ = {
			isa = XCBuildConfiguration;
			baseConfigurationReference = 78A48D5BEB9D378B29FCCEF8 /* Pods-JayasekaraJMSD-COBSCComp192p-012Tests.release.xcconfig */;
			buildSettings = {
				ALWAYS_EMBED_SWIFT_STANDARD_LIBRARIES = YES;
				BUNDLE_LOADER = "$(TEST_HOST)";
				CODE_SIGN_STYLE = Automatic;
				DEVELOPMENT_TEAM = N5A7HC49TT;
				INFOPLIST_FILE = "JayasekaraJMSD-COBSCComp192p-012Tests/Info.plist";
				IPHONEOS_DEPLOYMENT_TARGET = 14.4;
				LD_RUNPATH_SEARCH_PATHS = (
					"$(inherited)",
					"@executable_path/Frameworks",
					"@loader_path/Frameworks",
				);
				PRODUCT_BUNDLE_IDENTIFIER = "com.nibm.JayasekaraJMSD-COBSCComp192p-012Tests";
				PRODUCT_NAME = "$(TARGET_NAME)";
				SWIFT_VERSION = 5.0;
				TARGETED_DEVICE_FAMILY = "1,2";
				TEST_HOST = "$(BUILT_PRODUCTS_DIR)/JayasekaraJMSD-COBSCComp192p-012.app/JayasekaraJMSD-COBSCComp192p-012";
			};
			name = Release;
		};
		8A7D237A26313CB2009F24E6 /* Debug */ = {
			isa = XCBuildConfiguration;
			baseConfigurationReference = BF86D99C671E48E80CE790A0 /* Pods-JayasekaraJMSD-COBSCComp192p-012-JayasekaraJMSD-COBSCComp192p-012UITests.debug.xcconfig */;
			buildSettings = {
				ALWAYS_EMBED_SWIFT_STANDARD_LIBRARIES = YES;
				CODE_SIGN_STYLE = Automatic;
				DEVELOPMENT_TEAM = N5A7HC49TT;
				INFOPLIST_FILE = "JayasekaraJMSD-COBSCComp192p-012UITests/Info.plist";
				LD_RUNPATH_SEARCH_PATHS = (
					"$(inherited)",
					"@executable_path/Frameworks",
					"@loader_path/Frameworks",
				);
				PRODUCT_BUNDLE_IDENTIFIER = "com.nibm.JayasekaraJMSD-COBSCComp192p-012UITests";
				PRODUCT_NAME = "$(TARGET_NAME)";
				SWIFT_VERSION = 5.0;
				TARGETED_DEVICE_FAMILY = "1,2";
				TEST_TARGET_NAME = "JayasekaraJMSD-COBSCComp192p-012";
			};
			name = Debug;
		};
		8A7D237B26313CB2009F24E6 /* Release */ = {
			isa = XCBuildConfiguration;
			baseConfigurationReference = DD969DDE39A190BE8C29F8A1 /* Pods-JayasekaraJMSD-COBSCComp192p-012-JayasekaraJMSD-COBSCComp192p-012UITests.release.xcconfig */;
			buildSettings = {
				ALWAYS_EMBED_SWIFT_STANDARD_LIBRARIES = YES;
				CODE_SIGN_STYLE = Automatic;
				DEVELOPMENT_TEAM = N5A7HC49TT;
				INFOPLIST_FILE = "JayasekaraJMSD-COBSCComp192p-012UITests/Info.plist";
				LD_RUNPATH_SEARCH_PATHS = (
					"$(inherited)",
					"@executable_path/Frameworks",
					"@loader_path/Frameworks",
				);
				PRODUCT_BUNDLE_IDENTIFIER = "com.nibm.JayasekaraJMSD-COBSCComp192p-012UITests";
				PRODUCT_NAME = "$(TARGET_NAME)";
				SWIFT_VERSION = 5.0;
				TARGETED_DEVICE_FAMILY = "1,2";
				TEST_TARGET_NAME = "JayasekaraJMSD-COBSCComp192p-012";
			};
			name = Release;
		};
/* End XCBuildConfiguration section */

/* Begin XCConfigurationList section */
		8A7D234126313CB1009F24E6 /* Build configuration list for PBXProject "JayasekaraJMSD-COBSCComp192p-012" */ = {
			isa = XCConfigurationList;
			buildConfigurations = (
				8A7D237126313CB2009F24E6 /* Debug */,
				8A7D237226313CB2009F24E6 /* Release */,
			);
			defaultConfigurationIsVisible = 0;
			defaultConfigurationName = Release;
		};
		8A7D237326313CB2009F24E6 /* Build configuration list for PBXNativeTarget "JayasekaraJMSD-COBSCComp192p-012" */ = {
			isa = XCConfigurationList;
			buildConfigurations = (
				8A7D237426313CB2009F24E6 /* Debug */,
				8A7D237526313CB2009F24E6 /* Release */,
			);
			defaultConfigurationIsVisible = 0;
			defaultConfigurationName = Release;
		};
		8A7D237626313CB2009F24E6 /* Build configuration list for PBXNativeTarget "JayasekaraJMSD-COBSCComp192p-012Tests" */ = {
			isa = XCConfigurationList;
			buildConfigurations = (
				8A7D237726313CB2009F24E6 /* Debug */,
				8A7D237826313CB2009F24E6 /* Release */,
			);
			defaultConfigurationIsVisible = 0;
			defaultConfigurationName = Release;
		};
		8A7D237926313CB2009F24E6 /* Build configuration list for PBXNativeTarget "JayasekaraJMSD-COBSCComp192p-012UITests" */ = {
			isa = XCConfigurationList;
			buildConfigurations = (
				8A7D237A26313CB2009F24E6 /* Debug */,
				8A7D237B26313CB2009F24E6 /* Release */,
			);
			defaultConfigurationIsVisible = 0;
			defaultConfigurationName = Release;
		};
/* End XCConfigurationList section */

/* Begin XCVersionGroup section */
		8A7D235226313CB1009F24E6 /* JayasekaraJMSD_COBSCComp192p_012.xcdatamodeld */ = {
			isa = XCVersionGroup;
			children = (
				8A7D235326313CB1009F24E6 /* JayasekaraJMSD_COBSCComp192p_012.xcdatamodel */,
			);
			currentVersion = 8A7D235326313CB1009F24E6 /* JayasekaraJMSD_COBSCComp192p_012.xcdatamodel */;
			path = JayasekaraJMSD_COBSCComp192p_012.xcdatamodeld;
			sourceTree = "<group>";
			versionGroupType = wrapper.xcdatamodel;
		};
/* End XCVersionGroup section */
	};
	rootObject = 8A7D233E26313CB1009F24E6 /* Project object */;
}
